
Microsoft Visual Studio Solution File, Format Version 12.00
# Visual Studio Version 16
VisualStudioVersion = 16.0.30204.135
MinimumVisualStudioVersion = 10.0.40219.1
Project("{FAE04EC0-301F-11D3-BF4B-00C04F79EFBC}") = "VSIXProject1", "VSIXProject1\VSIXProject1.csproj", "{8B812BCB-5D3B-4075-B72F-E12779B47EBC}"
EndProject
Global
	GlobalSection(SolutionConfigurationPlatforms) = preSolution
		Debug|Any CPU = Debug|Any CPU
		Release|Any CPU = Release|Any CPU
	EndGlobalSection
	GlobalSection(ProjectConfigurationPlatforms) = postSolution
		{8B812BCB-5D3B-4075-B72F-E12779B47EBC}.Debug|Any CPU.ActiveCfg = Debug|Any CPU
		{8B812BCB-5D3B-4075-B72F-E12779B47EBC}.Debug|Any CPU.Build.0 = Debug|Any CPU
		{8B812BCB-5D3B-4075-B72F-E12779B47EBC}.Release|Any CPU.ActiveCfg = Release|Any CPU
		{8B812BCB-5D3B-4075-B72F-E12779B47EBC}.Release|Any CPU.Build.0 = Release|Any CPU
	EndGlobalSection
	GlobalSection(SolutionProperties) = preSolution
		HideSolutionNode = FALSE
	EndGlobalSection
	GlobalSection(ExtensibilityGlobals) = postSolution
		SolutionGuid = {60112DB6-27DE-49A6-889C-5FC7FB9BC522}
	EndGlobalSection
EndGlobal
